<?xml version="1.0" encoding="utf-8"?>
<Project ToolsVersion="4.0" xmlns="http://schemas.microsoft.com/developer/msbuild/2003">
  <ItemGroup>
    <Filter Include="ソース ファイル">
      <UniqueIdentifier>{4FC737F1-C7A5-4376-A066-2A32D752A2FF}</UniqueIdentifier>
      <Extensions>cpp;c;cc;cxx;c++;cppm;ixx;def;odl;idl;hpj;bat;asm;asmx</Extensions>
    </Filter>
    <Filter Include="ヘッダー ファイル">
      <UniqueIdentifier>{93995380-89BD-4b04-88EB-625FBE52EBFB}</UniqueIdentifier>
      <Extensions>h;hh;hpp;hxx;h++;hm;inl;inc;ipp;xsd</Extensions>
    </Filter>
    <Filter Include="リソース ファイル">
      <UniqueIdentifier>{67DA6AB6-F800-4c08-8B7A-83BB121AAD01}</UniqueIdentifier>
      <Extensions>rc;ico;cur;bmp;dlg;rc2;rct;bin;rgs;gif;jpg;jpeg;jpe;resx;tiff;tif;png;wav;mfcribbon-ms</Extensions>
    </Filter>
    <Filter Include="HLSL">
      <UniqueIdentifier>{a43ce62e-61eb-41e4-a41e-61a8670f0091}</UniqueIdentifier>
    </Filter>
    <Filter Include="Main">
      <UniqueIdentifier>{6ff665c9-1c50-4174-9518-7cb41aa573a6}</UniqueIdentifier>
    </Filter>
    <Filter Include="DirectX">
      <UniqueIdentifier>{6186c516-1bca-4a3c-a6ca-8a50af533fb1}</UniqueIdentifier>
    </Filter>
    <Filter Include="DirectX\Command">
      <UniqueIdentifier>{225f2a8c-55f4-471d-9290-3db4e87b5c47}</UniqueIdentifier>
    </Filter>
    <Filter Include="DirectX\Fence">
      <UniqueIdentifier>{8c9d0562-95c8-4a80-905b-cded4cdf1683}</UniqueIdentifier>
    </Filter>
    <Filter Include="DirectX\SwapChain">
      <UniqueIdentifier>{4b613e26-0db8-45d5-8030-3678bcd610b6}</UniqueIdentifier>
    </Filter>
    <Filter Include="DirectX\RenderTarget">
      <UniqueIdentifier>{b58c9ba9-915a-4321-9713-02f7861741ea}</UniqueIdentifier>
    </Filter>
    <Filter Include="Objects">
      <UniqueIdentifier>{6de31adc-d0b1-47d5-a132-9ebedfba86b2}</UniqueIdentifier>
    </Filter>
    <Filter Include="Objects\Const">
      <UniqueIdentifier>{0ef3f971-9abc-4301-a5b8-64727c57bd9d}</UniqueIdentifier>
    </Filter>
    <Filter Include="Objects\Const\Camera">
      <UniqueIdentifier>{54877f9c-d78d-4d4d-869c-02a04a11dba3}</UniqueIdentifier>
    </Filter>
    <Filter Include="Objects\Const\Object">
      <UniqueIdentifier>{636120bb-2456-461a-aef2-4dd40913cbcf}</UniqueIdentifier>
    </Filter>
  </ItemGroup>
  <ItemGroup>
    <ClInclude Include="Code\Window\Window.h">
      <Filter>ヘッダー ファイル</Filter>
    </ClInclude>
    <ClInclude Include="Code\Main\Main.h">
      <Filter>Main</Filter>
    </ClInclude>
    <ClInclude Include="Code\DirectX\DXGIDevice.h">
      <Filter>ヘッダー ファイル</Filter>
    </ClInclude>
    <ClInclude Include="Code\DirectX\CommandQueue.h">
      <Filter>DirectX\Command</Filter>
    </ClInclude>
    <ClInclude Include="Code\DirectX\CommandAllocator.h">
      <Filter>DirectX\Command</Filter>
    </ClInclude>
    <ClInclude Include="Code\DirectX\CommandList.h">
      <Filter>DirectX\Command</Filter>
    </ClInclude>
    <ClInclude Include="Code\DirectX\Fence.h">
      <Filter>DirectX\Fence</Filter>
    </ClInclude>
    <ClInclude Include="Code\DirectX\Comm_Fence.h">
      <Filter>ヘッダー ファイル</Filter>
    </ClInclude>
    <ClInclude Include="Code\DirectX\Heap.h">
      <Filter>ヘッダー ファイル</Filter>
    </ClInclude>
    <ClInclude Include="Code\DirectX\SwapChain.h">
      <Filter>DirectX\SwapChain</Filter>
    </ClInclude>
    <ClInclude Include="Code\DirectX\RenderTarget.h">
      <Filter>DirectX\RenderTarget</Filter>
    </ClInclude>
    <ClInclude Include="Code\DirectX\Swap_Target.h">
      <Filter>ヘッダー ファイル</Filter>
    </ClInclude>
    <ClInclude Include="Code\Shaders\Shader.h">
      <Filter>ヘッダー ファイル</Filter>
    </ClInclude>
    <ClInclude Include="Code\Objects\Model\Polygon2D.h">
      <Filter>Objects</Filter>
    </ClInclude>
    <ClInclude Include="Code\Objects\Layout.h">
      <Filter>Objects</Filter>
    </ClInclude>
    <ClInclude Include="Code\DirectX\PipeLineState.h">
      <Filter>ヘッダー ファイル</Filter>
    </ClInclude>
    <ClInclude Include="Code\DirectX\RootSignature.h">
      <Filter>ヘッダー ファイル</Filter>
    </ClInclude>
    <ClInclude Include="Code\Objects\Camera\Camera.h">
      <Filter>Objects\Const\Camera</Filter>
    </ClInclude>
    <ClInclude Include="Code\Objects\Model\GameObject.h">
      <Filter>Objects\Const\Object</Filter>
    </ClInclude>
    <ClInclude Include="Code\Input\Input.h">
      <Filter>ヘッダー ファイル</Filter>
    </ClInclude>
    <ClInclude Include="Code\Objects\Model\GlbModel.h">
      <Filter>Objects</Filter>
    </ClInclude>
    <ClInclude Include="Code\Objects\Model\Temp\Model.h">
      <Filter>ヘッダー ファイル</Filter>
    </ClInclude>
  </ItemGroup>
  <ItemGroup>
    <ClCompile Include="Code\Window\Window.cpp">
      <Filter>ソース ファイル</Filter>
    </ClCompile>
    <ClCompile Include="Code\Main\Main.cpp">
      <Filter>Main</Filter>
    </ClCompile>
    <ClCompile Include="Code\DirectX\DXGIDevice.cpp">
      <Filter>ソース ファイル</Filter>
    </ClCompile>
    <ClCompile Include="Code\DirectX\CommandQueue.cpp">
      <Filter>DirectX\Command</Filter>
    </ClCompile>
    <ClCompile Include="Code\DirectX\CommandAllocator.cpp">
      <Filter>DirectX\Command</Filter>
    </ClCompile>
    <ClCompile Include="Code\DirectX\CommandList.cpp">
      <Filter>DirectX\Command</Filter>
    </ClCompile>
    <ClCompile Include="Code\DirectX\Fence.cpp">
      <Filter>DirectX\Fence</Filter>
    </ClCompile>
    <ClCompile Include="Code\DirectX\Comm_Fence.cpp">
      <Filter>ソース ファイル</Filter>
    </ClCompile>
    <ClCompile Include="Code\DirectX\Heap.cpp">
      <Filter>ソース ファイル</Filter>
    </ClCompile>
    <ClCompile Include="Code\DirectX\SwapChain.cpp">
      <Filter>DirectX\SwapChain</Filter>
    </ClCompile>
    <ClCompile Include="Code\DirectX\RenderTarget.cpp">
      <Filter>DirectX\RenderTarget</Filter>
    </ClCompile>
    <ClCompile Include="Code\DirectX\Swap_Target.cpp">
      <Filter>ソース ファイル</Filter>
    </ClCompile>
    <ClCompile Include="Code\Shaders\Shader.cpp">
      <Filter>ソース ファイル</Filter>
    </ClCompile>
    <ClCompile Include="Code\Objects\Model\Polygon2D.cpp">
      <Filter>Objects</Filter>
    </ClCompile>
    <ClCompile Include="Code\DirectX\PipeLineState.cpp">
      <Filter>ソース ファイル</Filter>
    </ClCompile>
    <ClCompile Include="Code\DirectX\RootSignature.cpp">
      <Filter>ソース ファイル</Filter>
    </ClCompile>
    <ClCompile Include="Code\Objects\Camera\Camera.cpp">
      <Filter>Objects\Const\Camera</Filter>
    </ClCompile>
    <ClCompile Include="Code\Objects\Const\ConstantBuffer.h">
      <Filter>Objects\Const</Filter>
    </ClCompile>
    <ClCompile Include="Code\Objects\Model\GameObject.cpp">
      <Filter>Objects\Const\Object</Filter>
    </ClCompile>
    <ClCompile Include="Code\Input\Input.cpp">
      <Filter>ソース ファイル</Filter>
    </ClCompile>
    <ClCompile Include="Code\Objects\Model\GlbModel.cpp">
      <Filter>Objects</Filter>
    </ClCompile>
    <ClCompile Include="Code\Objects\Model\Temp\Model.cpp">
      <Filter>ソース ファイル</Filter>
    </ClCompile>
  </ItemGroup>
  <ItemGroup>
    <FxCompile Include="Code\Shaders\HLSL\PolyShader.hlsl">
      <Filter>HLSL</Filter>
    </FxCompile>
    <FxCompile Include="Code\Shaders\HLSL\BasicShader.hlsl">
      <Filter>HLSL</Filter>
    </FxCompile>
    <FxCompile Include="Code\Shaders\HLSL\GlbShader.hlsl" />
  </ItemGroup>
</Project>